
Microsoft Visual Studio Solution File, Format Version 12.00
# Visual Studio 15
VisualStudioVersion = 15.0.27004.2009
MinimumVisualStudioVersion = 10.0.40219.1
Project("{FAE04EC0-301F-11D3-BF4B-00C04F79EFBC}") = "movieHub.Android", "movieHub\movieHub.Android\movieHub.Android.csproj", "{AB7212DF-1B8B-4CEC-8707-344631D2D47C}"
EndProject
Project("{FAE04EC0-301F-11D3-BF4B-00C04F79EFBC}") = "movieHub", "movieHub\movieHub\movieHub.csproj", "{9C582D5D-DA92-42DC-B38F-2A624AC1B4D5}"
EndProject
Project("{FAE04EC0-301F-11D3-BF4B-00C04F79EFBC}") = "movieHub.UWP", "movieHub\movieHub.UWP\movieHub.UWP.csproj", "{59D15004-1D87-4FDE-B6D0-56D6527BECC6}"
EndProject
Project("{FAE04EC0-301F-11D3-BF4B-00C04F79EFBC}") = "movieHub.iOS", "movieHub\movieHub.iOS\movieHub.iOS.csproj", "{382A0850-22B3-4563-89C0-D401315D5091}"
EndProject
Project("{FAE04EC0-301F-11D3-BF4B-00C04F79EFBC}") = "MovieService", "MovieService\MovieService.csproj", "{4262F149-D10F-4876-882C-039476C25C11}"
EndProject
Global
	GlobalSection(SolutionConfigurationPlatforms) = preSolution
		Ad-Hoc|Any CPU = Ad-Hoc|Any CPU
		Ad-Hoc|ARM = Ad-Hoc|ARM
		Ad-Hoc|iPhone = Ad-Hoc|iPhone
		Ad-Hoc|iPhoneSimulator = Ad-Hoc|iPhoneSimulator
		Ad-Hoc|x64 = Ad-Hoc|x64
		Ad-Hoc|x86 = Ad-Hoc|x86
		AppStore|Any CPU = AppStore|Any CPU
		AppStore|ARM = AppStore|ARM
		AppStore|iPhone = AppStore|iPhone
		AppStore|iPhoneSimulator = AppStore|iPhoneSimulator
		AppStore|x64 = AppStore|x64
		AppStore|x86 = AppStore|x86
		Debug|Any CPU = Debug|Any CPU
		Debug|ARM = Debug|ARM
		Debug|iPhone = Debug|iPhone
		Debug|iPhoneSimulator = Debug|iPhoneSimulator
		Debug|x64 = Debug|x64
		Debug|x86 = Debug|x86
		Release|Any CPU = Release|Any CPU
		Release|ARM = Release|ARM
		Release|iPhone = Release|iPhone
		Release|iPhoneSimulator = Release|iPhoneSimulator
		Release|x64 = Release|x64
		Release|x86 = Release|x86
	EndGlobalSection
	GlobalSection(ProjectConfigurationPlatforms) = postSolution
		{AB7212DF-1B8B-4CEC-8707-344631D2D47C}.Ad-Hoc|Any CPU.ActiveCfg = Release|Any CPU
		{AB7212DF-1B8B-4CEC-8707-344631D2D47C}.Ad-Hoc|Any CPU.Build.0 = Release|Any CPU
		{AB7212DF-1B8B-4CEC-8707-344631D2D47C}.Ad-Hoc|Any CPU.Deploy.0 = Release|Any CPU
		{AB7212DF-1B8B-4CEC-8707-344631D2D47C}.Ad-Hoc|ARM.ActiveCfg = Release|Any CPU
		{AB7212DF-1B8B-4CEC-8707-344631D2D47C}.Ad-Hoc|ARM.Build.0 = Release|Any CPU
		{AB7212DF-1B8B-4CEC-8707-344631D2D47C}.Ad-Hoc|ARM.Deploy.0 = Release|Any CPU
		{AB7212DF-1B8B-4CEC-8707-344631D2D47C}.Ad-Hoc|iPhone.ActiveCfg = Release|Any CPU
		{AB7212DF-1B8B-4CEC-8707-344631D2D47C}.Ad-Hoc|iPhone.Build.0 = Release|Any CPU
		{AB7212DF-1B8B-4CEC-8707-344631D2D47C}.Ad-Hoc|iPhone.Deploy.0 = Release|Any CPU
		{AB7212DF-1B8B-4CEC-8707-344631D2D47C}.Ad-Hoc|iPhoneSimulator.ActiveCfg = Release|Any CPU
		{AB7212DF-1B8B-4CEC-8707-344631D2D47C}.Ad-Hoc|iPhoneSimulator.Build.0 = Release|Any CPU
		{AB7212DF-1B8B-4CEC-8707-344631D2D47C}.Ad-Hoc|iPhoneSimulator.Deploy.0 = Release|Any CPU
		{AB7212DF-1B8B-4CEC-8707-344631D2D47C}.Ad-Hoc|x64.ActiveCfg = Release|Any CPU
		{AB7212DF-1B8B-4CEC-8707-344631D2D47C}.Ad-Hoc|x64.Build.0 = Release|Any CPU
		{AB7212DF-1B8B-4CEC-8707-344631D2D47C}.Ad-Hoc|x64.Deploy.0 = Release|Any CPU
		{AB7212DF-1B8B-4CEC-8707-344631D2D47C}.Ad-Hoc|x86.ActiveCfg = Release|Any CPU
		{AB7212DF-1B8B-4CEC-8707-344631D2D47C}.Ad-Hoc|x86.Build.0 = Release|Any CPU
		{AB7212DF-1B8B-4CEC-8707-344631D2D47C}.Ad-Hoc|x86.Deploy.0 = Release|Any CPU
		{AB7212DF-1B8B-4CEC-8707-344631D2D47C}.AppStore|Any CPU.ActiveCfg = Release|Any CPU
		{AB7212DF-1B8B-4CEC-8707-344631D2D47C}.AppStore|Any CPU.Build.0 = Release|Any CPU
		{AB7212DF-1B8B-4CEC-8707-344631D2D47C}.AppStore|Any CPU.Deploy.0 = Release|Any CPU
		{AB7212DF-1B8B-4CEC-8707-344631D2D47C}.AppStore|ARM.ActiveCfg = Release|Any CPU
		{AB7212DF-1B8B-4CEC-8707-344631D2D47C}.AppStore|ARM.Build.0 = Release|Any CPU
		{AB7212DF-1B8B-4CEC-8707-344631D2D47C}.AppStore|ARM.Deploy.0 = Release|Any CPU
		{AB7212DF-1B8B-4CEC-8707-344631D2D47C}.AppStore|iPhone.ActiveCfg = Release|Any CPU
		{AB7212DF-1B8B-4CEC-8707-344631D2D47C}.AppStore|iPhone.Build.0 = Release|Any CPU
		{AB7212DF-1B8B-4CEC-8707-344631D2D47C}.AppStore|iPhone.Deploy.0 = Release|Any CPU
		{AB7212DF-1B8B-4CEC-8707-344631D2D47C}.AppStore|iPhoneSimulator.ActiveCfg = Release|Any CPU
		{AB7212DF-1B8B-4CEC-8707-344631D2D47C}.AppStore|iPhoneSimulator.Build.0 = Release|Any CPU
		{AB7212DF-1B8B-4CEC-8707-344631D2D47C}.AppStore|iPhoneSimulator.Deploy.0 = Release|Any CPU
		{AB7212DF-1B8B-4CEC-8707-344631D2D47C}.AppStore|x64.ActiveCfg = Release|Any CPU
		{AB7212DF-1B8B-4CEC-8707-344631D2D47C}.AppStore|x64.Build.0 = Release|Any CPU
		{AB7212DF-1B8B-4CEC-8707-344631D2D47C}.AppStore|x64.Deploy.0 = Release|Any CPU
		{AB7212DF-1B8B-4CEC-8707-344631D2D47C}.AppStore|x86.ActiveCfg = Release|Any CPU
		{AB7212DF-1B8B-4CEC-8707-344631D2D47C}.AppStore|x86.Build.0 = Release|Any CPU
		{AB7212DF-1B8B-4CEC-8707-344631D2D47C}.AppStore|x86.Deploy.0 = Release|Any CPU
		{AB7212DF-1B8B-4CEC-8707-344631D2D47C}.Debug|Any CPU.ActiveCfg = Debug|Any CPU
		{AB7212DF-1B8B-4CEC-8707-344631D2D47C}.Debug|Any CPU.Build.0 = Debug|Any CPU
		{AB7212DF-1B8B-4CEC-8707-344631D2D47C}.Debug|Any CPU.Deploy.0 = Debug|Any CPU
		{AB7212DF-1B8B-4CEC-8707-344631D2D47C}.Debug|ARM.ActiveCfg = Debug|Any CPU
		{AB7212DF-1B8B-4CEC-8707-344631D2D47C}.Debug|ARM.Build.0 = Debug|Any CPU
		{AB7212DF-1B8B-4CEC-8707-344631D2D47C}.Debug|ARM.Deploy.0 = Debug|Any CPU
		{AB7212DF-1B8B-4CEC-8707-344631D2D47C}.Debug|iPhone.ActiveCfg = Debug|Any CPU
		{AB7212DF-1B8B-4CEC-8707-344631D2D47C}.Debug|iPhone.Build.0 = Debug|Any CPU
		{AB7212DF-1B8B-4CEC-8707-344631D2D47C}.Debug|iPhone.Deploy.0 = Debug|Any CPU
		{AB7212DF-1B8B-4CEC-8707-344631D2D47C}.Debug|iPhoneSimulator.ActiveCfg = Debug|Any CPU
		{AB7212DF-1B8B-4CEC-8707-344631D2D47C}.Debug|iPhoneSimulator.Build.0 = Debug|Any CPU
		{AB7212DF-1B8B-4CEC-8707-344631D2D47C}.Debug|iPhoneSimulator.Deploy.0 = Debug|Any CPU
		{AB7212DF-1B8B-4CEC-8707-344631D2D47C}.Debug|x64.ActiveCfg = Debug|Any CPU
		{AB7212DF-1B8B-4CEC-8707-344631D2D47C}.Debug|x64.Build.0 = Debug|Any CPU
		{AB7212DF-1B8B-4CEC-8707-344631D2D47C}.Debug|x64.Deploy.0 = Debug|Any CPU
		{AB7212DF-1B8B-4CEC-8707-344631D2D47C}.Debug|x86.ActiveCfg = Debug|Any CPU
		{AB7212DF-1B8B-4CEC-8707-344631D2D47C}.Debug|x86.Build.0 = Debug|Any CPU
		{AB7212DF-1B8B-4CEC-8707-344631D2D47C}.Debug|x86.Deploy.0 = Debug|Any CPU
		{AB7212DF-1B8B-4CEC-8707-344631D2D47C}.Release|Any CPU.ActiveCfg = Release|Any CPU
		{AB7212DF-1B8B-4CEC-8707-344631D2D47C}.Release|Any CPU.Build.0 = Release|Any CPU
		{AB7212DF-1B8B-4CEC-8707-344631D2D47C}.Release|Any CPU.Deploy.0 = Release|Any CPU
		{AB7212DF-1B8B-4CEC-8707-344631D2D47C}.Release|ARM.ActiveCfg = Release|Any CPU
		{AB7212DF-1B8B-4CEC-8707-344631D2D47C}.Release|ARM.Build.0 = Release|Any CPU
		{AB7212DF-1B8B-4CEC-8707-344631D2D47C}.Release|ARM.Deploy.0 = Release|Any CPU
		{AB7212DF-1B8B-4CEC-8707-344631D2D47C}.Release|iPhone.ActiveCfg = Release|Any CPU
		{AB7212DF-1B8B-4CEC-8707-344631D2D47C}.Release|iPhone.Build.0 = Release|Any CPU
		{AB7212DF-1B8B-4CEC-8707-344631D2D47C}.Release|iPhone.Deploy.0 = Release|Any CPU
		{AB7212DF-1B8B-4CEC-8707-344631D2D47C}.Release|iPhoneSimulator.ActiveCfg = Release|Any CPU
		{AB7212DF-1B8B-4CEC-8707-344631D2D47C}.Release|iPhoneSimulator.Build.0 = Release|Any CPU
		{AB7212DF-1B8B-4CEC-8707-344631D2D47C}.Release|iPhoneSimulator.Deploy.0 = Release|Any CPU
		{AB7212DF-1B8B-4CEC-8707-344631D2D47C}.Release|x64.ActiveCfg = Release|Any CPU
		{AB7212DF-1B8B-4CEC-8707-344631D2D47C}.Release|x64.Build.0 = Release|Any CPU
		{AB7212DF-1B8B-4CEC-8707-344631D2D47C}.Release|x64.Deploy.0 = Release|Any CPU
		{AB7212DF-1B8B-4CEC-8707-344631D2D47C}.Release|x86.ActiveCfg = Release|Any CPU
		{AB7212DF-1B8B-4CEC-8707-344631D2D47C}.Release|x86.Build.0 = Release|Any CPU
		{AB7212DF-1B8B-4CEC-8707-344631D2D47C}.Release|x86.Deploy.0 = Release|Any CPU
		{9C582D5D-DA92-42DC-B38F-2A624AC1B4D5}.Ad-Hoc|Any CPU.ActiveCfg = Release|Any CPU
		{9C582D5D-DA92-42DC-B38F-2A624AC1B4D5}.Ad-Hoc|Any CPU.Build.0 = Release|Any CPU
		{9C582D5D-DA92-42DC-B38F-2A624AC1B4D5}.Ad-Hoc|ARM.ActiveCfg = Release|Any CPU
		{9C582D5D-DA92-42DC-B38F-2A624AC1B4D5}.Ad-Hoc|ARM.Build.0 = Release|Any CPU
		{9C582D5D-DA92-42DC-B38F-2A624AC1B4D5}.Ad-Hoc|iPhone.ActiveCfg = Release|Any CPU
		{9C582D5D-DA92-42DC-B38F-2A624AC1B4D5}.Ad-Hoc|iPhone.Build.0 = Release|Any CPU
		{9C582D5D-DA92-42DC-B38F-2A624AC1B4D5}.Ad-Hoc|iPhoneSimulator.ActiveCfg = Release|Any CPU
		{9C582D5D-DA92-42DC-B38F-2A624AC1B4D5}.Ad-Hoc|iPhoneSimulator.Build.0 = Release|Any CPU
		{9C582D5D-DA92-42DC-B38F-2A624AC1B4D5}.Ad-Hoc|x64.ActiveCfg = Release|Any CPU
		{9C582D5D-DA92-42DC-B38F-2A624AC1B4D5}.Ad-Hoc|x64.Build.0 = Release|Any CPU
		{9C582D5D-DA92-42DC-B38F-2A624AC1B4D5}.Ad-Hoc|x86.ActiveCfg = Release|Any CPU
		{9C582D5D-DA92-42DC-B38F-2A624AC1B4D5}.Ad-Hoc|x86.Build.0 = Release|Any CPU
		{9C582D5D-DA92-42DC-B38F-2A624AC1B4D5}.AppStore|Any CPU.ActiveCfg = Release|Any CPU
		{9C582D5D-DA92-42DC-B38F-2A624AC1B4D5}.AppStore|Any CPU.Build.0 = Release|Any CPU
		{9C582D5D-DA92-42DC-B38F-2A624AC1B4D5}.AppStore|ARM.ActiveCfg = Release|Any CPU
		{9C582D5D-DA92-42DC-B38F-2A624AC1B4D5}.AppStore|ARM.Build.0 = Release|Any CPU
		{9C582D5D-DA92-42DC-B38F-2A624AC1B4D5}.AppStore|iPhone.ActiveCfg = Release|Any CPU
		{9C582D5D-DA92-42DC-B38F-2A624AC1B4D5}.AppStore|iPhone.Build.0 = Release|Any CPU
		{9C582D5D-DA92-42DC-B38F-2A624AC1B4D5}.AppStore|iPhoneSimulator.ActiveCfg = Release|Any CPU
		{9C582D5D-DA92-42DC-B38F-2A624AC1B4D5}.AppStore|iPhoneSimulator.Build.0 = Release|Any CPU
		{9C582D5D-DA92-42DC-B38F-2A624AC1B4D5}.AppStore|x64.ActiveCfg = Release|Any CPU
		{9C582D5D-DA92-42DC-B38F-2A624AC1B4D5}.AppStore|x64.Build.0 = Release|Any CPU
		{9C582D5D-DA92-42DC-B38F-2A624AC1B4D5}.AppStore|x86.ActiveCfg = Release|Any CPU
		{9C582D5D-DA92-42DC-B38F-2A624AC1B4D5}.AppStore|x86.Build.0 = Release|Any CPU
		{9C582D5D-DA92-42DC-B38F-2A624AC1B4D5}.Debug|Any CPU.ActiveCfg = Debug|Any CPU
		{9C582D5D-DA92-42DC-B38F-2A624AC1B4D5}.Debug|Any CPU.Build.0 = Debug|Any CPU
		{9C582D5D-DA92-42DC-B38F-2A624AC1B4D5}.Debug|ARM.ActiveCfg = Debug|Any CPU
		{9C582D5D-DA92-42DC-B38F-2A624AC1B4D5}.Debug|ARM.Build.0 = Debug|Any CPU
		{9C582D5D-DA92-42DC-B38F-2A624AC1B4D5}.Debug|iPhone.ActiveCfg = Debug|Any CPU
		{9C582D5D-DA92-42DC-B38F-2A624AC1B4D5}.Debug|iPhone.Build.0 = Debug|Any CPU
		{9C582D5D-DA92-42DC-B38F-2A624AC1B4D5}.Debug|iPhoneSimulator.ActiveCfg = Debug|Any CPU
		{9C582D5D-DA92-42DC-B38F-2A624AC1B4D5}.Debug|iPhoneSimulator.Build.0 = Debug|Any CPU
		{9C582D5D-DA92-42DC-B38F-2A624AC1B4D5}.Debug|x64.ActiveCfg = Debug|Any CPU
		{9C582D5D-DA92-42DC-B38F-2A624AC1B4D5}.Debug|x64.Build.0 = Debug|Any CPU
		{9C582D5D-DA92-42DC-B38F-2A624AC1B4D5}.Debug|x86.ActiveCfg = Debug|Any CPU
		{9C582D5D-DA92-42DC-B38F-2A624AC1B4D5}.Debug|x86.Build.0 = Debug|Any CPU
		{9C582D5D-DA92-42DC-B38F-2A624AC1B4D5}.Release|Any CPU.ActiveCfg = Release|Any CPU
		{9C582D5D-DA92-42DC-B38F-2A624AC1B4D5}.Release|Any CPU.Build.0 = Release|Any CPU
		{9C582D5D-DA92-42DC-B38F-2A624AC1B4D5}.Release|ARM.ActiveCfg = Release|Any CPU
		{9C582D5D-DA92-42DC-B38F-2A624AC1B4D5}.Release|ARM.Build.0 = Release|Any CPU
		{9C582D5D-DA92-42DC-B38F-2A624AC1B4D5}.Release|iPhone.ActiveCfg = Release|Any CPU
		{9C582D5D-DA92-42DC-B38F-2A624AC1B4D5}.Release|iPhone.Build.0 = Release|Any CPU
		{9C582D5D-DA92-42DC-B38F-2A624AC1B4D5}.Release|iPhoneSimulator.ActiveCfg = Release|Any CPU
		{9C582D5D-DA92-42DC-B38F-2A624AC1B4D5}.Release|iPhoneSimulator.Build.0 = Release|Any CPU
		{9C582D5D-DA92-42DC-B38F-2A624AC1B4D5}.Release|x64.ActiveCfg = Release|Any CPU
		{9C582D5D-DA92-42DC-B38F-2A624AC1B4D5}.Release|x64.Build.0 = Release|Any CPU
		{9C582D5D-DA92-42DC-B38F-2A624AC1B4D5}.Release|x86.ActiveCfg = Release|Any CPU
		{9C582D5D-DA92-42DC-B38F-2A624AC1B4D5}.Release|x86.Build.0 = Release|Any CPU
		{59D15004-1D87-4FDE-B6D0-56D6527BECC6}.Ad-Hoc|Any CPU.ActiveCfg = Release|x86
		{59D15004-1D87-4FDE-B6D0-56D6527BECC6}.Ad-Hoc|Any CPU.Build.0 = Release|x86
		{59D15004-1D87-4FDE-B6D0-56D6527BECC6}.Ad-Hoc|Any CPU.Deploy.0 = Release|x86
		{59D15004-1D87-4FDE-B6D0-56D6527BECC6}.Ad-Hoc|ARM.ActiveCfg = Release|ARM
		{59D15004-1D87-4FDE-B6D0-56D6527BECC6}.Ad-Hoc|ARM.Build.0 = Release|ARM
		{59D15004-1D87-4FDE-B6D0-56D6527BECC6}.Ad-Hoc|ARM.Deploy.0 = Release|ARM
		{59D15004-1D87-4FDE-B6D0-56D6527BECC6}.Ad-Hoc|iPhone.ActiveCfg = Release|x86
		{59D15004-1D87-4FDE-B6D0-56D6527BECC6}.Ad-Hoc|iPhone.Build.0 = Release|x86
		{59D15004-1D87-4FDE-B6D0-56D6527BECC6}.Ad-Hoc|iPhone.Deploy.0 = Release|x86
		{59D15004-1D87-4FDE-B6D0-56D6527BECC6}.Ad-Hoc|iPhoneSimulator.ActiveCfg = Release|x86
		{59D15004-1D87-4FDE-B6D0-56D6527BECC6}.Ad-Hoc|iPhoneSimulator.Build.0 = Release|x86
		{59D15004-1D87-4FDE-B6D0-56D6527BECC6}.Ad-Hoc|iPhoneSimulator.Deploy.0 = Release|x86
		{59D15004-1D87-4FDE-B6D0-56D6527BECC6}.Ad-Hoc|x64.ActiveCfg = Release|x64
		{59D15004-1D87-4FDE-B6D0-56D6527BECC6}.Ad-Hoc|x64.Build.0 = Release|x64
		{59D15004-1D87-4FDE-B6D0-56D6527BECC6}.Ad-Hoc|x64.Deploy.0 = Release|x64
		{59D15004-1D87-4FDE-B6D0-56D6527BECC6}.Ad-Hoc|x86.ActiveCfg = Release|x86
		{59D15004-1D87-4FDE-B6D0-56D6527BECC6}.Ad-Hoc|x86.Build.0 = Release|x86
		{59D15004-1D87-4FDE-B6D0-56D6527BECC6}.Ad-Hoc|x86.Deploy.0 = Release|x86
		{59D15004-1D87-4FDE-B6D0-56D6527BECC6}.AppStore|Any CPU.ActiveCfg = Release|x86
		{59D15004-1D87-4FDE-B6D0-56D6527BECC6}.AppStore|Any CPU.Build.0 = Release|x86
		{59D15004-1D87-4FDE-B6D0-56D6527BECC6}.AppStore|Any CPU.Deploy.0 = Release|x86
		{59D15004-1D87-4FDE-B6D0-56D6527BECC6}.AppStore|ARM.ActiveCfg = Release|ARM
		{59D15004-1D87-4FDE-B6D0-56D6527BECC6}.AppStore|ARM.Build.0 = Release|ARM
		{59D15004-1D87-4FDE-B6D0-56D6527BECC6}.AppStore|ARM.Deploy.0 = Release|ARM
		{59D15004-1D87-4FDE-B6D0-56D6527BECC6}.AppStore|iPhone.ActiveCfg = Release|x86
		{59D15004-1D87-4FDE-B6D0-56D6527BECC6}.AppStore|iPhone.Build.0 = Release|x86
		{59D15004-1D87-4FDE-B6D0-56D6527BECC6}.AppStore|iPhone.Deploy.0 = Release|x86
		{59D15004-1D87-4FDE-B6D0-56D6527BECC6}.AppStore|iPhoneSimulator.ActiveCfg = Release|x86
		{59D15004-1D87-4FDE-B6D0-56D6527BECC6}.AppStore|iPhoneSimulator.Build.0 = Release|x86
		{59D15004-1D87-4FDE-B6D0-56D6527BECC6}.AppStore|iPhoneSimulator.Deploy.0 = Release|x86
		{59D15004-1D87-4FDE-B6D0-56D6527BECC6}.AppStore|x64.ActiveCfg = Release|x64
		{59D15004-1D87-4FDE-B6D0-56D6527BECC6}.AppStore|x64.Build.0 = Release|x64
		{59D15004-1D87-4FDE-B6D0-56D6527BECC6}.AppStore|x64.Deploy.0 = Release|x64
		{59D15004-1D87-4FDE-B6D0-56D6527BECC6}.AppStore|x86.ActiveCfg = Release|x86
		{59D15004-1D87-4FDE-B6D0-56D6527BECC6}.AppStore|x86.Build.0 = Release|x86
		{59D15004-1D87-4FDE-B6D0-56D6527BECC6}.AppStore|x86.Deploy.0 = Release|x86
		{59D15004-1D87-4FDE-B6D0-56D6527BECC6}.Debug|Any CPU.ActiveCfg = Debug|x86
		{59D15004-1D87-4FDE-B6D0-56D6527BECC6}.Debug|ARM.ActiveCfg = Debug|ARM
		{59D15004-1D87-4FDE-B6D0-56D6527BECC6}.Debug|ARM.Build.0 = Debug|ARM
		{59D15004-1D87-4FDE-B6D0-56D6527BECC6}.Debug|ARM.Deploy.0 = Debug|ARM
		{59D15004-1D87-4FDE-B6D0-56D6527BECC6}.Debug|iPhone.ActiveCfg = Debug|x86
		{59D15004-1D87-4FDE-B6D0-56D6527BECC6}.Debug|iPhoneSimulator.ActiveCfg = Debug|x86
		{59D15004-1D87-4FDE-B6D0-56D6527BECC6}.Debug|x64.ActiveCfg = Debug|x64
		{59D15004-1D87-4FDE-B6D0-56D6527BECC6}.Debug|x64.Build.0 = Debug|x64
		{59D15004-1D87-4FDE-B6D0-56D6527BECC6}.Debug|x64.Deploy.0 = Debug|x64
		{59D15004-1D87-4FDE-B6D0-56D6527BECC6}.Debug|x86.ActiveCfg = Debug|x86
		{59D15004-1D87-4FDE-B6D0-56D6527BECC6}.Debug|x86.Build.0 = Debug|x86
		{59D15004-1D87-4FDE-B6D0-56D6527BECC6}.Debug|x86.Deploy.0 = Debug|x86
		{59D15004-1D87-4FDE-B6D0-56D6527BECC6}.Release|Any CPU.ActiveCfg = Release|x86
		{59D15004-1D87-4FDE-B6D0-56D6527BECC6}.Release|ARM.ActiveCfg = Release|ARM
		{59D15004-1D87-4FDE-B6D0-56D6527BECC6}.Release|ARM.Build.0 = Release|ARM
		{59D15004-1D87-4FDE-B6D0-56D6527BECC6}.Release|ARM.Deploy.0 = Release|ARM
		{59D15004-1D87-4FDE-B6D0-56D6527BECC6}.Release|iPhone.ActiveCfg = Release|x86
		{59D15004-1D87-4FDE-B6D0-56D6527BECC6}.Release|iPhoneSimulator.ActiveCfg = Release|x86
		{59D15004-1D87-4FDE-B6D0-56D6527BECC6}.Release|x64.ActiveCfg = Release|x64
		{59D15004-1D87-4FDE-B6D0-56D6527BECC6}.Release|x64.Build.0 = Release|x64
		{59D15004-1D87-4FDE-B6D0-56D6527BECC6}.Release|x64.Deploy.0 = Release|x64
		{59D15004-1D87-4FDE-B6D0-56D6527BECC6}.Release|x86.ActiveCfg = Release|x86
		{59D15004-1D87-4FDE-B6D0-56D6527BECC6}.Release|x86.Build.0 = Release|x86
		{59D15004-1D87-4FDE-B6D0-56D6527BECC6}.Release|x86.Deploy.0 = Release|x86
		{382A0850-22B3-4563-89C0-D401315D5091}.Ad-Hoc|Any CPU.ActiveCfg = Ad-Hoc|iPhoneSimulator
		{382A0850-22B3-4563-89C0-D401315D5091}.Ad-Hoc|ARM.ActiveCfg = Ad-Hoc|iPhone
		{382A0850-22B3-4563-89C0-D401315D5091}.Ad-Hoc|iPhone.ActiveCfg = Ad-Hoc|iPhone
		{382A0850-22B3-4563-89C0-D401315D5091}.Ad-Hoc|iPhone.Build.0 = Ad-Hoc|iPhone
		{382A0850-22B3-4563-89C0-D401315D5091}.Ad-Hoc|iPhoneSimulator.ActiveCfg = Ad-Hoc|iPhoneSimulator
		{382A0850-22B3-4563-89C0-D401315D5091}.Ad-Hoc|iPhoneSimulator.Build.0 = Ad-Hoc|iPhoneSimulator
		{382A0850-22B3-4563-89C0-D401315D5091}.Ad-Hoc|x64.ActiveCfg = Ad-Hoc|iPhone
		{382A0850-22B3-4563-89C0-D401315D5091}.Ad-Hoc|x86.ActiveCfg = Ad-Hoc|iPhone
		{382A0850-22B3-4563-89C0-D401315D5091}.AppStore|Any CPU.ActiveCfg = AppStore|iPhoneSimulator
		{382A0850-22B3-4563-89C0-D401315D5091}.AppStore|ARM.ActiveCfg = AppStore|iPhone
		{382A0850-22B3-4563-89C0-D401315D5091}.AppStore|iPhone.ActiveCfg = AppStore|iPhone
		{382A0850-22B3-4563-89C0-D401315D5091}.AppStore|iPhone.Build.0 = AppStore|iPhone
		{382A0850-22B3-4563-89C0-D401315D5091}.AppStore|iPhoneSimulator.ActiveCfg = AppStore|iPhoneSimulator
		{382A0850-22B3-4563-89C0-D401315D5091}.AppStore|iPhoneSimulator.Build.0 = AppStore|iPhoneSimulator
		{382A0850-22B3-4563-89C0-D401315D5091}.AppStore|x64.ActiveCfg = AppStore|iPhone
		{382A0850-22B3-4563-89C0-D401315D5091}.AppStore|x86.ActiveCfg = AppStore|iPhone
		{382A0850-22B3-4563-89C0-D401315D5091}.Debug|Any CPU.ActiveCfg = Debug|iPhoneSimulator
		{382A0850-22B3-4563-89C0-D401315D5091}.Debug|ARM.ActiveCfg = Debug|iPhone
		{382A0850-22B3-4563-89C0-D401315D5091}.Debug|iPhone.ActiveCfg = Debug|iPhone
		{382A0850-22B3-4563-89C0-D401315D5091}.Debug|iPhone.Build.0 = Debug|iPhone
		{382A0850-22B3-4563-89C0-D401315D5091}.Debug|iPhoneSimulator.ActiveCfg = Debug|iPhoneSimulator
		{382A0850-22B3-4563-89C0-D401315D5091}.Debug|iPhoneSimulator.Build.0 = Debug|iPhoneSimulator
		{382A0850-22B3-4563-89C0-D401315D5091}.Debug|x64.ActiveCfg = Debug|iPhone
		{382A0850-22B3-4563-89C0-D401315D5091}.Debug|x86.ActiveCfg = Debug|iPhone
		{382A0850-22B3-4563-89C0-D401315D5091}.Release|Any CPU.ActiveCfg = Release|iPhoneSimulator
		{382A0850-22B3-4563-89C0-D401315D5091}.Release|ARM.ActiveCfg = Release|iPhone
		{382A0850-22B3-4563-89C0-D401315D5091}.Release|iPhone.ActiveCfg = Release|iPhone
		{382A0850-22B3-4563-89C0-D401315D5091}.Release|iPhone.Build.0 = Release|iPhone
		{382A0850-22B3-4563-89C0-D401315D5091}.Release|iPhoneSimulator.ActiveCfg = Release|iPhoneSimulator
		{382A0850-22B3-4563-89C0-D401315D5091}.Release|iPhoneSimulator.Build.0 = Release|iPhoneSimulator
		{382A0850-22B3-4563-89C0-D401315D5091}.Release|x64.ActiveCfg = Release|iPhone
		{382A0850-22B3-4563-89C0-D401315D5091}.Release|x86.ActiveCfg = Release|iPhone
		{4262F149-D10F-4876-882C-039476C25C11}.Ad-Hoc|Any CPU.ActiveCfg = Release|Any CPU
		{4262F149-D10F-4876-882C-039476C25C11}.Ad-Hoc|Any CPU.Build.0 = Release|Any CPU
		{4262F149-D10F-4876-882C-039476C25C11}.Ad-Hoc|ARM.ActiveCfg = Release|Any CPU
		{4262F149-D10F-4876-882C-039476C25C11}.Ad-Hoc|ARM.Build.0 = Release|Any CPU
		{4262F149-D10F-4876-882C-039476C25C11}.Ad-Hoc|iPhone.ActiveCfg = Release|Any CPU
		{4262F149-D10F-4876-882C-039476C25C11}.Ad-Hoc|iPhone.Build.0 = Release|Any CPU
		{4262F149-D10F-4876-882C-039476C25C11}.Ad-Hoc|iPhoneSimulator.ActiveCfg = Release|Any CPU
		{4262F149-D10F-4876-882C-039476C25C11}.Ad-Hoc|iPhoneSimulator.Build.0 = Release|Any CPU
		{4262F149-D10F-4876-882C-039476C25C11}.Ad-Hoc|x64.ActiveCfg = Release|Any CPU
		{4262F149-D10F-4876-882C-039476C25C11}.Ad-Hoc|x64.Build.0 = Release|Any CPU
		{4262F149-D10F-4876-882C-039476C25C11}.Ad-Hoc|x86.ActiveCfg = Release|Any CPU
		{4262F149-D10F-4876-882C-039476C25C11}.Ad-Hoc|x86.Build.0 = Release|Any CPU
		{4262F149-D10F-4876-882C-039476C25C11}.AppStore|Any CPU.ActiveCfg = Release|Any CPU
		{4262F149-D10F-4876-882C-039476C25C11}.AppStore|Any CPU.Build.0 = Release|Any CPU
		{4262F149-D10F-4876-882C-039476C25C11}.AppStore|ARM.ActiveCfg = Release|Any CPU
		{4262F149-D10F-4876-882C-039476C25C11}.AppStore|ARM.Build.0 = Release|Any CPU
		{4262F149-D10F-4876-882C-039476C25C11}.AppStore|iPhone.ActiveCfg = Release|Any CPU
		{4262F149-D10F-4876-882C-039476C25C11}.AppStore|iPhone.Build.0 = Release|Any CPU
		{4262F149-D10F-4876-882C-039476C25C11}.AppStore|iPhoneSimulator.ActiveCfg = Release|Any CPU
		{4262F149-D10F-4876-882C-039476C25C11}.AppStore|iPhoneSimulator.Build.0 = Release|Any CPU
		{4262F149-D10F-4876-882C-039476C25C11}.AppStore|x64.ActiveCfg = Release|Any CPU
		{4262F149-D10F-4876-882C-039476C25C11}.AppStore|x64.Build.0 = Release|Any CPU
		{4262F149-D10F-4876-882C-039476C25C11}.AppStore|x86.ActiveCfg = Release|Any CPU
		{4262F149-D10F-4876-882C-039476C25C11}.AppStore|x86.Build.0 = Release|Any CPU
		{4262F149-D10F-4876-882C-039476C25C11}.Debug|Any CPU.ActiveCfg = Debug|Any CPU
		{4262F149-D10F-4876-882C-039476C25C11}.Debug|Any CPU.Build.0 = Debug|Any CPU
		{4262F149-D10F-4876-882C-039476C25C11}.Debug|ARM.ActiveCfg = Debug|Any CPU
		{4262F149-D10F-4876-882C-039476C25C11}.Debug|ARM.Build.0 = Debug|Any CPU
		{4262F149-D10F-4876-882C-039476C25C11}.Debug|iPhone.ActiveCfg = Debug|Any CPU
		{4262F149-D10F-4876-882C-039476C25C11}.Debug|iPhone.Build.0 = Debug|Any CPU
		{4262F149-D10F-4876-882C-039476C25C11}.Debug|iPhoneSimulator.ActiveCfg = Debug|Any CPU
		{4262F149-D10F-4876-882C-039476C25C11}.Debug|iPhoneSimulator.Build.0 = Debug|Any CPU
		{4262F149-D10F-4876-882C-039476C25C11}.Debug|x64.ActiveCfg = Debug|Any CPU
		{4262F149-D10F-4876-882C-039476C25C11}.Debug|x64.Build.0 = Debug|Any CPU
		{4262F149-D10F-4876-882C-039476C25C11}.Debug|x86.ActiveCfg = Debug|Any CPU
		{4262F149-D10F-4876-882C-039476C25C11}.Debug|x86.Build.0 = Debug|Any CPU
		{4262F149-D10F-4876-882C-039476C25C11}.Release|Any CPU.ActiveCfg = Release|Any CPU
		{4262F149-D10F-4876-882C-039476C25C11}.Release|Any CPU.Build.0 = Release|Any CPU
		{4262F149-D10F-4876-882C-039476C25C11}.Release|ARM.ActiveCfg = Release|Any CPU
		{4262F149-D10F-4876-882C-039476C25C11}.Release|ARM.Build.0 = Release|Any CPU
		{4262F149-D10F-4876-882C-039476C25C11}.Release|iPhone.ActiveCfg = Release|Any CPU
		{4262F149-D10F-4876-882C-039476C25C11}.Release|iPhone.Build.0 = Release|Any CPU
		{4262F149-D10F-4876-882C-039476C25C11}.Release|iPhoneSimulator.ActiveCfg = Release|Any CPU
		{4262F149-D10F-4876-882C-039476C25C11}.Release|iPhoneSimulator.Build.0 = Release|Any CPU
		{4262F149-D10F-4876-882C-039476C25C11}.Release|x64.ActiveCfg = Release|Any CPU
		{4262F149-D10F-4876-882C-039476C25C11}.Release|x64.Build.0 = Release|Any CPU
		{4262F149-D10F-4876-882C-039476C25C11}.Release|x86.ActiveCfg = Release|Any CPU
		{4262F149-D10F-4876-882C-039476C25C11}.Release|x86.Build.0 = Release|Any CPU
	EndGlobalSection
	GlobalSection(SolutionProperties) = preSolution
		HideSolutionNode = FALSE
	EndGlobalSection
	GlobalSection(ExtensibilityGlobals) = postSolution
		SolutionGuid = {DB63E846-A93F-4A4F-989F-1B717C5E486B}
	EndGlobalSection
EndGlobal
